<?xml version="1.0" encoding="utf-8"?>
<Project ToolsVersion="4.0" xmlns="http://schemas.microsoft.com/developer/msbuild/2003">
  <ItemGroup>
    <Filter Include="Source Files">
      <UniqueIdentifier>{4FC737F1-C7A5-4376-A066-2A32D752A2FF}</UniqueIdentifier>
      <Extensions>cpp;c;cc;cxx;c++;cppm;ixx;def;odl;idl;hpj;bat;asm;asmx</Extensions>
    </Filter>
    <Filter Include="Header Files">
      <UniqueIdentifier>{93995380-89BD-4b04-88EB-625FBE52EBFB}</UniqueIdentifier>
      <Extensions>h;hh;hpp;hxx;h++;hm;inl;inc;ipp;xsd</Extensions>
    </Filter>
    <Filter Include="Resource Files">
      <UniqueIdentifier>{67DA6AB6-F800-4c08-8B7A-83BB121AAD01}</UniqueIdentifier>
      <Extensions>rc;ico;cur;bmp;dlg;rc2;rct;bin;rgs;gif;jpg;jpeg;jpe;resx;tiff;tif;png;wav;mfcribbon-ms</Extensions>
    </Filter>
    <Filter Include="Source Files\vlr">
      <UniqueIdentifier>{f2dbaf3e-c7d7-46f9-a316-a5f6c906d5d4}</UniqueIdentifier>
    </Filter>
    <Filter Include="Source Files\vlr\additional">
      <UniqueIdentifier>{1c08e5fd-ca3e-468e-be66-51a7dbb2bcf6}</UniqueIdentifier>
    </Filter>
    <Filter Include="Header Files\vlr">
      <UniqueIdentifier>{3e75d385-9780-4a5e-88e8-bdc676fbb5bc}</UniqueIdentifier>
    </Filter>
    <Filter Include="Header Files\vlr\additional">
      <UniqueIdentifier>{31f0beb1-9076-4d89-a4fa-1c7aa67264d3}</UniqueIdentifier>
    </Filter>
    <Filter Include="Header Files\vkt3">
      <UniqueIdentifier>{338b485d-9a77-4638-a27c-abe5c7146410}</UniqueIdentifier>
    </Filter>
    <Filter Include="Header Files\vkh">
      <UniqueIdentifier>{d1c7bd17-6e9f-4d09-8964-b2ba4bb8a1d2}</UniqueIdentifier>
    </Filter>
    <Filter Include="Header Files\xvk">
      <UniqueIdentifier>{d5666e3b-d4a6-4ae5-a5c7-e2fd1df2a450}</UniqueIdentifier>
    </Filter>
    <Filter Include="Header Files\vma">
      <UniqueIdentifier>{ea0d790a-9523-4936-95e0-157e77e86416}</UniqueIdentifier>
    </Filter>
  </ItemGroup>
  <ItemGroup>
    <ClCompile Include="main.cpp">
      <Filter>Source Files</Filter>
    </ClCompile>
    <ClCompile Include="..\..\src\vlr\VMA.cpp">
      <Filter>Source Files\vlr</Filter>
    </ClCompile>
    <ClCompile Include="..\include\stdafx.cpp">
      <Filter>Source Files</Filter>
    </ClCompile>
    <ClCompile Include="..\..\src\vlr\Bundle.cpp">
      <Filter>Source Files\vlr</Filter>
    </ClCompile>
  </ItemGroup>
  <ItemGroup>
    <ClInclude Include="..\..\include\vlr\Acceleration.hpp">
      <Filter>Header Files\vlr</Filter>
    </ClInclude>
    <ClInclude Include="..\..\include\vlr\Accumulation.hpp">
      <Filter>Header Files\vlr</Filter>
    </ClInclude>
    <ClInclude Include="..\..\include\vlr\AttributeSet.hpp">
      <Filter>Header Files\vlr</Filter>
    </ClInclude>
    <ClInclude Include="..\..\include\vlr\Background.hpp">
      <Filter>Header Files\vlr</Filter>
    </ClInclude>
    <ClInclude Include="..\..\include\vlr\BindingSet.hpp">
      <Filter>Header Files\vlr</Filter>
    </ClInclude>
    <ClInclude Include="..\..\include\vlr\BufferViewSet.hpp">
      <Filter>Header Files\vlr</Filter>
    </ClInclude>
    <ClInclude Include="..\..\include\vlr\BuildCommand.hpp">
      <Filter>Header Files\vlr</Filter>
    </ClInclude>
    <ClInclude Include="..\..\include\vlr\Config.hpp">
      <Filter>Header Files\vlr</Filter>
    </ClInclude>
    <ClInclude Include="..\..\include\vlr\Constants.hpp">
      <Filter>Header Files\vlr</Filter>
    </ClInclude>
    <ClInclude Include="..\..\include\vlr\Driver.hpp">
      <Filter>Header Files\vlr</Filter>
    </ClInclude>
    <ClInclude Include="..\..\include\vlr\Framebuffer.hpp">
      <Filter>Header Files\vlr</Filter>
    </ClInclude>
    <ClInclude Include="..\..\include\vlr\Geometry.hpp">
      <Filter>Header Files\vlr</Filter>
    </ClInclude>
    <ClInclude Include="..\..\include\vlr\GeometrySet.hpp">
      <Filter>Header Files\vlr</Filter>
    </ClInclude>
    <ClInclude Include="..\..\include\vlr\InstanceSet.hpp">
      <Filter>Header Files\vlr</Filter>
    </ClInclude>
    <ClInclude Include="..\..\include\vlr\MaterialSet.hpp">
      <Filter>Header Files\vlr</Filter>
    </ClInclude>
    <ClInclude Include="..\..\include\vlr\OthersCommand.hpp">
      <Filter>Header Files\vlr</Filter>
    </ClInclude>
    <ClInclude Include="..\..\include\vlr\PipelineLayout.hpp">
      <Filter>Header Files\vlr</Filter>
    </ClInclude>
    <ClInclude Include="..\..\include\vlr\Rasterization.hpp">
      <Filter>Header Files\vlr</Filter>
    </ClInclude>
    <ClInclude Include="..\..\include\vlr\RayTracing.hpp">
      <Filter>Header Files\vlr</Filter>
    </ClInclude>
    <ClInclude Include="..\..\include\vlr\RenderCommand.hpp">
      <Filter>Header Files\vlr</Filter>
    </ClInclude>
    <ClInclude Include="..\..\include\vlr\Resampling.hpp">
      <Filter>Header Files\vlr</Filter>
    </ClInclude>
    <ClInclude Include="..\..\include\vlr\SamplerSet.hpp">
      <Filter>Header Files\vlr</Filter>
    </ClInclude>
    <ClInclude Include="..\..\include\vlr\SetBase.hpp">
      <Filter>Header Files\vlr</Filter>
    </ClInclude>
    <ClInclude Include="..\..\include\vlr\TextureSet.hpp">
      <Filter>Header Files\vlr</Filter>
    </ClInclude>
    <ClInclude Include="..\..\include\vlr\VertexSet.hpp">
      <Filter>Header Files\vlr</Filter>
    </ClInclude>
    <ClInclude Include="..\..\include\vlr\additional\GeometryAdd.hpp">
      <Filter>Header Files\vlr\additional</Filter>
    </ClInclude>
    <ClInclude Include="macro.h">
      <Filter>Source Files</Filter>
    </ClInclude>
    <ClInclude Include="..\include\main.hpp">
      <Filter>Source Files</Filter>
    </ClInclude>
    <ClInclude Include="..\include\stdafx.h">
      <Filter>Source Files</Filter>
    </ClInclude>
    <ClInclude Include="..\..\include\vlr\Implementation.hpp">
      <Filter>Header Files\vlr</Filter>
    </ClInclude>
    <ClInclude Include="..\..\..\vkt\include\vkt3\core.hpp">
      <Filter>Header Files\vkt3</Filter>
    </ClInclude>
    <ClInclude Include="..\..\..\vkt\include\vkt3\definition.hpp">
      <Filter>Header Files\vkt3</Filter>
    </ClInclude>
    <ClInclude Include="..\..\..\vkt\include\vkt3\essential.hpp">
      <Filter>Header Files\vkt3</Filter>
    </ClInclude>
    <ClInclude Include="..\..\..\vkt\include\vkt3\fw.hpp">
      <Filter>Header Files\vkt3</Filter>
    </ClInclude>
    <ClInclude Include="..\..\..\vkt\include\vkt3\fw-impl.hpp">
      <Filter>Header Files\vkt3</Filter>
    </ClInclude>
    <ClInclude Include="..\..\..\vkt\include\vkt3\image.hpp">
      <Filter>Header Files\vkt3</Filter>
    </ClInclude>
    <ClInclude Include="..\..\..\vkt\include\vkt3\inline.hpp">
      <Filter>Header Files\vkt3</Filter>
    </ClInclude>
    <ClInclude Include="..\..\..\vkt\include\vkt3\structs.hpp">
      <Filter>Header Files\vkt3</Filter>
    </ClInclude>
    <ClInclude Include="..\..\..\vkt\include\vkt3\utils.hpp">
      <Filter>Header Files\vkt3</Filter>
    </ClInclude>
    <ClInclude Include="..\..\..\vkt\include\vkt3\vector.hpp">
      <Filter>Header Files\vkt3</Filter>
    </ClInclude>
    <ClInclude Include="..\..\..\vkt\include\vkh\bitfields.hpp">
      <Filter>Header Files\vkh</Filter>
    </ClInclude>
    <ClInclude Include="..\..\..\vkt\include\vkh\enums.hpp">
      <Filter>Header Files\vkh</Filter>
    </ClInclude>
    <ClInclude Include="..\..\..\vkt\include\vkh\handle.hpp">
      <Filter>Header Files\vkh</Filter>
    </ClInclude>
    <ClInclude Include="..\..\..\vkt\include\vkh\helpers.hpp">
      <Filter>Header Files\vkh</Filter>
    </ClInclude>
    <ClInclude Include="..\..\..\vkt\include\vkh\matching.hpp">
      <Filter>Header Files\vkh</Filter>
    </ClInclude>
    <ClInclude Include="..\..\..\vkt\include\vkh\spirv-mod.hpp">
      <Filter>Header Files\vkh</Filter>
    </ClInclude>
    <ClInclude Include="..\..\..\vkt\include\vkh\structures.hpp">
      <Filter>Header Files\vkh</Filter>
    </ClInclude>
    <ClInclude Include="..\..\..\vkt\include\xvk\xvk.hpp">
      <Filter>Header Files\xvk</Filter>
    </ClInclude>
    <ClInclude Include="..\..\..\vkt\include\xvk\xvkBase.hpp">
      <Filter>Header Files\xvk</Filter>
    </ClInclude>
    <ClInclude Include="..\..\..\vkt\include\xvk\xvkInterface.hpp">
      <Filter>Header Files\xvk</Filter>
    </ClInclude>
    <ClInclude Include="..\..\..\vkt\include\vma\vk_mem_alloc.h">
      <Filter>Header Files\vma</Filter>
    </ClInclude>
  </ItemGroup>
  <ItemGroup>
    <None Include="..\..\..\vkt\include\vkt3\readme.md">
      <Filter>Header Files\vkt3</Filter>
    </None>
  </ItemGroup>
  <ItemGroup>
    <Natvis Include="..\..\..\vkt\include\vma\vk_mem_alloc.natvis">
      <Filter>Header Files\vma</Filter>
    </Natvis>
  </ItemGroup>
</Project>